// !$*UTF8*$!
{
	archiveVersion = 1;
	classes = {
	};
	objectVersion = 52;
	objects = {

/* Begin PBXBuildFile section */
		7231C2AB22D62A5400CF6B38 /* AppDelegate.swift in Sources */ = {isa = PBXBuildFile; fileRef = 7231C2AA22D62A5400CF6B38 /* AppDelegate.swift */; };
		7231C2AD22D62A5400CF6B38 /* SceneDelegate.swift in Sources */ = {isa = PBXBuildFile; fileRef = 7231C2AC22D62A5400CF6B38 /* SceneDelegate.swift */; };
		7231C2AF22D62A5400CF6B38 /* LobbyView.swift in Sources */ = {isa = PBXBuildFile; fileRef = 7231C2AE22D62A5400CF6B38 /* LobbyView.swift */; };
		7231C2B122D62A5700CF6B38 /* Assets.xcassets in Resources */ = {isa = PBXBuildFile; fileRef = 7231C2B022D62A5700CF6B38 /* Assets.xcassets */; };
		7231C2B422D62A5700CF6B38 /* Preview Assets.xcassets in Resources */ = {isa = PBXBuildFile; fileRef = 7231C2B322D62A5700CF6B38 /* Preview Assets.xcassets */; };
		7231C2B722D62A5700CF6B38 /* LaunchScreen.storyboard in Resources */ = {isa = PBXBuildFile; fileRef = 7231C2B522D62A5700CF6B38 /* LaunchScreen.storyboard */; };
		7231C2C222D62A5700CF6B38 /* LocMeTests.swift in Sources */ = {isa = PBXBuildFile; fileRef = 7231C2C122D62A5700CF6B38 /* LocMeTests.swift */; };
		7231C2CD22D62A5700CF6B38 /* LocMeUITests.swift in Sources */ = {isa = PBXBuildFile; fileRef = 7231C2CC22D62A5700CF6B38 /* LocMeUITests.swift */; };
		7231C2DC22D62C9A00CF6B38 /* SocketIO in Frameworks */ = {isa = PBXBuildFile; productRef = 7231C2DB22D62C9A00CF6B38 /* SocketIO */; };
		7231C2DE22D62FFE00CF6B38 /* MapView.swift in Sources */ = {isa = PBXBuildFile; fileRef = 7231C2DD22D62FFE00CF6B38 /* MapView.swift */; };
		724298CA22E464BE003B2151 /* SocketIOManager.swift in Sources */ = {isa = PBXBuildFile; fileRef = 724298C922E464BE003B2151 /* SocketIOManager.swift */; };
		724298CC22E465F2003B2151 /* RoomModel.swift in Sources */ = {isa = PBXBuildFile; fileRef = 724298CB22E465F2003B2151 /* RoomModel.swift */; };
		724298CF22E64AE1003B2151 /* MapKit.framework in Frameworks */ = {isa = PBXBuildFile; fileRef = 724298CE22E64AE1003B2151 /* MapKit.framework */; };
		72C34FD322D63C4100692D41 /* LocationManager.swift in Sources */ = {isa = PBXBuildFile; fileRef = 72C34FD222D63C4100692D41 /* LocationManager.swift */; };
/* End PBXBuildFile section */

/* Begin PBXContainerItemProxy section */
		7231C2BE22D62A5700CF6B38 /* PBXContainerItemProxy */ = {
			isa = PBXContainerItemProxy;
			containerPortal = 7231C29F22D62A5400CF6B38 /* Project object */;
			proxyType = 1;
			remoteGlobalIDString = 7231C2A622D62A5400CF6B38;
			remoteInfo = LocMe;
		};
		7231C2C922D62A5700CF6B38 /* PBXContainerItemProxy */ = {
			isa = PBXContainerItemProxy;
			containerPortal = 7231C29F22D62A5400CF6B38 /* Project object */;
			proxyType = 1;
			remoteGlobalIDString = 7231C2A622D62A5400CF6B38;
			remoteInfo = LocMe;
		};
/* End PBXContainerItemProxy section */

/* Begin PBXFileReference section */
		7231C2A722D62A5400CF6B38 /* LocMe.app */ = {isa = PBXFileReference; explicitFileType = wrapper.application; includeInIndex = 0; path = LocMe.app; sourceTree = BUILT_PRODUCTS_DIR; };
		7231C2AA22D62A5400CF6B38 /* AppDelegate.swift */ = {isa = PBXFileReference; lastKnownFileType = sourcecode.swift; path = AppDelegate.swift; sourceTree = "<group>"; };
		7231C2AC22D62A5400CF6B38 /* SceneDelegate.swift */ = {isa = PBXFileReference; lastKnownFileType = sourcecode.swift; path = SceneDelegate.swift; sourceTree = "<group>"; };
		7231C2AE22D62A5400CF6B38 /* LobbyView.swift */ = {isa = PBXFileReference; lastKnownFileType = sourcecode.swift; path = LobbyView.swift; sourceTree = "<group>"; };
		7231C2B022D62A5700CF6B38 /* Assets.xcassets */ = {isa = PBXFileReference; lastKnownFileType = folder.assetcatalog; path = Assets.xcassets; sourceTree = "<group>"; };
		7231C2B322D62A5700CF6B38 /* Preview Assets.xcassets */ = {isa = PBXFileReference; lastKnownFileType = folder.assetcatalog; path = "Preview Assets.xcassets"; sourceTree = "<group>"; };
		7231C2B622D62A5700CF6B38 /* Base */ = {isa = PBXFileReference; lastKnownFileType = file.storyboard; name = Base; path = Base.lproj/LaunchScreen.storyboard; sourceTree = "<group>"; };
		7231C2B822D62A5700CF6B38 /* Info.plist */ = {isa = PBXFileReference; lastKnownFileType = text.plist.xml; path = Info.plist; sourceTree = "<group>"; };
		7231C2BD22D62A5700CF6B38 /* LocMeTests.xctest */ = {isa = PBXFileReference; explicitFileType = wrapper.cfbundle; includeInIndex = 0; path = LocMeTests.xctest; sourceTree = BUILT_PRODUCTS_DIR; };
		7231C2C122D62A5700CF6B38 /* LocMeTests.swift */ = {isa = PBXFileReference; lastKnownFileType = sourcecode.swift; path = LocMeTests.swift; sourceTree = "<group>"; };
		7231C2C322D62A5700CF6B38 /* Info.plist */ = {isa = PBXFileReference; lastKnownFileType = text.plist.xml; path = Info.plist; sourceTree = "<group>"; };
		7231C2C822D62A5700CF6B38 /* LocMeUITests.xctest */ = {isa = PBXFileReference; explicitFileType = wrapper.cfbundle; includeInIndex = 0; path = LocMeUITests.xctest; sourceTree = BUILT_PRODUCTS_DIR; };
		7231C2CC22D62A5700CF6B38 /* LocMeUITests.swift */ = {isa = PBXFileReference; lastKnownFileType = sourcecode.swift; path = LocMeUITests.swift; sourceTree = "<group>"; };
		7231C2CE22D62A5700CF6B38 /* Info.plist */ = {isa = PBXFileReference; lastKnownFileType = text.plist.xml; path = Info.plist; sourceTree = "<group>"; };
		7231C2DD22D62FFE00CF6B38 /* MapView.swift */ = {isa = PBXFileReference; lastKnownFileType = sourcecode.swift; path = MapView.swift; sourceTree = "<group>"; };
		724298C922E464BE003B2151 /* SocketIOManager.swift */ = {isa = PBXFileReference; lastKnownFileType = sourcecode.swift; path = SocketIOManager.swift; sourceTree = "<group>"; };
		724298CB22E465F2003B2151 /* RoomModel.swift */ = {isa = PBXFileReference; lastKnownFileType = sourcecode.swift; path = RoomModel.swift; sourceTree = "<group>"; };
		724298CE22E64AE1003B2151 /* MapKit.framework */ = {isa = PBXFileReference; lastKnownFileType = wrapper.framework; name = MapKit.framework; path = System/Library/Frameworks/MapKit.framework; sourceTree = SDKROOT; };
		72C34FD222D63C4100692D41 /* LocationManager.swift */ = {isa = PBXFileReference; lastKnownFileType = sourcecode.swift; path = LocationManager.swift; sourceTree = "<group>"; };
/* End PBXFileReference section */

/* Begin PBXFrameworksBuildPhase section */
		7231C2A422D62A5400CF6B38 /* Frameworks */ = {
			isa = PBXFrameworksBuildPhase;
			buildActionMask = 2147483647;
			files = (
				724298CF22E64AE1003B2151 /* MapKit.framework in Frameworks */,
				7231C2DC22D62C9A00CF6B38 /* SocketIO in Frameworks */,
			);
			runOnlyForDeploymentPostprocessing = 0;
		};
		7231C2BA22D62A5700CF6B38 /* Frameworks */ = {
			isa = PBXFrameworksBuildPhase;
			buildActionMask = 2147483647;
			files = (
			);
			runOnlyForDeploymentPostprocessing = 0;
		};
		7231C2C522D62A5700CF6B38 /* Frameworks */ = {
			isa = PBXFrameworksBuildPhase;
			buildActionMask = 2147483647;
			files = (
			);
			runOnlyForDeploymentPostprocessing = 0;
		};
/* End PBXFrameworksBuildPhase section */

/* Begin PBXGroup section */
		7231C29E22D62A5400CF6B38 = {
			isa = PBXGroup;
			children = (
				7231C2A922D62A5400CF6B38 /* LocMe */,
				7231C2C022D62A5700CF6B38 /* LocMeTests */,
				7231C2CB22D62A5700CF6B38 /* LocMeUITests */,
				7231C2A822D62A5400CF6B38 /* Products */,
				724298CD22E64AE1003B2151 /* Frameworks */,
			);
			sourceTree = "<group>";
		};
		7231C2A822D62A5400CF6B38 /* Products */ = {
			isa = PBXGroup;
			children = (
				7231C2A722D62A5400CF6B38 /* LocMe.app */,
				7231C2BD22D62A5700CF6B38 /* LocMeTests.xctest */,
				7231C2C822D62A5700CF6B38 /* LocMeUITests.xctest */,
			);
			name = Products;
			sourceTree = "<group>";
		};
		7231C2A922D62A5400CF6B38 /* LocMe */ = {
			isa = PBXGroup;
			children = (
				7231C2AA22D62A5400CF6B38 /* AppDelegate.swift */,
				7231C2AC22D62A5400CF6B38 /* SceneDelegate.swift */,
				724298C822E464A9003B2151 /* Managers */,
				724298C722E4646B003B2151 /* Views */,
				7231C2B022D62A5700CF6B38 /* Assets.xcassets */,
				7231C2B522D62A5700CF6B38 /* LaunchScreen.storyboard */,
				7231C2B822D62A5700CF6B38 /* Info.plist */,
				7231C2B222D62A5700CF6B38 /* Preview Content */,
				724298CB22E465F2003B2151 /* RoomModel.swift */,
			);
			path = LocMe;
			sourceTree = "<group>";
		};
		7231C2B222D62A5700CF6B38 /* Preview Content */ = {
			isa = PBXGroup;
			children = (
				7231C2B322D62A5700CF6B38 /* Preview Assets.xcassets */,
			);
			path = "Preview Content";
			sourceTree = "<group>";
		};
		7231C2C022D62A5700CF6B38 /* LocMeTests */ = {
			isa = PBXGroup;
			children = (
				7231C2C122D62A5700CF6B38 /* LocMeTests.swift */,
				7231C2C322D62A5700CF6B38 /* Info.plist */,
			);
			path = LocMeTests;
			sourceTree = "<group>";
		};
		7231C2CB22D62A5700CF6B38 /* LocMeUITests */ = {
			isa = PBXGroup;
			children = (
				7231C2CC22D62A5700CF6B38 /* LocMeUITests.swift */,
				7231C2CE22D62A5700CF6B38 /* Info.plist */,
			);
			path = LocMeUITests;
			sourceTree = "<group>";
		};
		724298C722E4646B003B2151 /* Views */ = {
			isa = PBXGroup;
			children = (
				7231C2AE22D62A5400CF6B38 /* LobbyView.swift */,
				7231C2DD22D62FFE00CF6B38 /* MapView.swift */,
			);
			path = Views;
			sourceTree = "<group>";
		};
		724298C822E464A9003B2151 /* Managers */ = {
			isa = PBXGroup;
			children = (
				724298C922E464BE003B2151 /* SocketIOManager.swift */,
				72C34FD222D63C4100692D41 /* LocationManager.swift */,
			);
			path = Managers;
			sourceTree = "<group>";
		};
		724298CD22E64AE1003B2151 /* Frameworks */ = {
			isa = PBXGroup;
			children = (
				724298CE22E64AE1003B2151 /* MapKit.framework */,
			);
			name = Frameworks;
			sourceTree = "<group>";
		};
/* End PBXGroup section */

/* Begin PBXNativeTarget section */
		7231C2A622D62A5400CF6B38 /* LocMe */ = {
			isa = PBXNativeTarget;
			buildConfigurationList = 7231C2D122D62A5700CF6B38 /* Build configuration list for PBXNativeTarget "LocMe" */;
			buildPhases = (
				7231C2A322D62A5400CF6B38 /* Sources */,
				7231C2A422D62A5400CF6B38 /* Frameworks */,
				7231C2A522D62A5400CF6B38 /* Resources */,
			);
			buildRules = (
			);
			dependencies = (
			);
			name = LocMe;
			packageProductDependencies = (
				7231C2DB22D62C9A00CF6B38 /* SocketIO */,
			);
			productName = LocMe;
			productReference = 7231C2A722D62A5400CF6B38 /* LocMe.app */;
			productType = "com.apple.product-type.application";
		};
		7231C2BC22D62A5700CF6B38 /* LocMeTests */ = {
			isa = PBXNativeTarget;
			buildConfigurationList = 7231C2D422D62A5700CF6B38 /* Build configuration list for PBXNativeTarget "LocMeTests" */;
			buildPhases = (
				7231C2B922D62A5700CF6B38 /* Sources */,
				7231C2BA22D62A5700CF6B38 /* Frameworks */,
				7231C2BB22D62A5700CF6B38 /* Resources */,
			);
			buildRules = (
			);
			dependencies = (
				7231C2BF22D62A5700CF6B38 /* PBXTargetDependency */,
			);
			name = LocMeTests;
			productName = LocMeTests;
			productReference = 7231C2BD22D62A5700CF6B38 /* LocMeTests.xctest */;
			productType = "com.apple.product-type.bundle.unit-test";
		};
		7231C2C722D62A5700CF6B38 /* LocMeUITests */ = {
			isa = PBXNativeTarget;
			buildConfigurationList = 7231C2D722D62A5700CF6B38 /* Build configuration list for PBXNativeTarget "LocMeUITests" */;
			buildPhases = (
				7231C2C422D62A5700CF6B38 /* Sources */,
				7231C2C522D62A5700CF6B38 /* Frameworks */,
				7231C2C622D62A5700CF6B38 /* Resources */,
			);
			buildRules = (
			);
			dependencies = (
				7231C2CA22D62A5700CF6B38 /* PBXTargetDependency */,
			);
			name = LocMeUITests;
			productName = LocMeUITests;
			productReference = 7231C2C822D62A5700CF6B38 /* LocMeUITests.xctest */;
			productType = "com.apple.product-type.bundle.ui-testing";
		};
/* End PBXNativeTarget section */

/* Begin PBXProject section */
		7231C29F22D62A5400CF6B38 /* Project object */ = {
			isa = PBXProject;
			attributes = {
				LastSwiftUpdateCheck = 1100;
				LastUpgradeCheck = 1100;
				ORGANIZATIONNAME = "Joshua Tabakhoff";
				TargetAttributes = {
					7231C2A622D62A5400CF6B38 = {
						CreatedOnToolsVersion = 11.0;
					};
					7231C2BC22D62A5700CF6B38 = {
						CreatedOnToolsVersion = 11.0;
						TestTargetID = 7231C2A622D62A5400CF6B38;
					};
					7231C2C722D62A5700CF6B38 = {
						CreatedOnToolsVersion = 11.0;
						TestTargetID = 7231C2A622D62A5400CF6B38;
					};
				};
			};
			buildConfigurationList = 7231C2A222D62A5400CF6B38 /* Build configuration list for PBXProject "LocMe" */;
			compatibilityVersion = "Xcode 9.3";
			developmentRegion = en;
			hasScannedForEncodings = 0;
			knownRegions = (
				en,
				Base,
			);
			mainGroup = 7231C29E22D62A5400CF6B38;
			packageReferences = (
				7231C2DA22D62C9A00CF6B38 /* XCRemoteSwiftPackageReference "socket.io-client-swift" */,
			);
			productRefGroup = 7231C2A822D62A5400CF6B38 /* Products */;
			projectDirPath = "";
			projectRoot = "";
			targets = (
				7231C2A622D62A5400CF6B38 /* LocMe */,
				7231C2BC22D62A5700CF6B38 /* LocMeTests */,
				7231C2C722D62A5700CF6B38 /* LocMeUITests */,
			);
		};
/* End PBXProject section */

/* Begin PBXResourcesBuildPhase section */
		7231C2A522D62A5400CF6B38 /* Resources */ = {
			isa = PBXResourcesBuildPhase;
			buildActionMask = 2147483647;
			files = (
				7231C2B722D62A5700CF6B38 /* LaunchScreen.storyboard in Resources */,
				7231C2B422D62A5700CF6B38 /* Preview Assets.xcassets in Resources */,
				7231C2B122D62A5700CF6B38 /* Assets.xcassets in Resources */,
			);
			runOnlyForDeploymentPostprocessing = 0;
		};
		7231C2BB22D62A5700CF6B38 /* Resources */ = {
			isa = PBXResourcesBuildPhase;
			buildActionMask = 2147483647;
			files = (
			);
			runOnlyForDeploymentPostprocessing = 0;
		};
		7231C2C622D62A5700CF6B38 /* Resources */ = {
			isa = PBXResourcesBuildPhase;
			buildActionMask = 2147483647;
			files = (
			);
			runOnlyForDeploymentPostprocessing = 0;
		};
/* End PBXResourcesBuildPhase section */

/* Begin PBXSourcesBuildPhase section */
		7231C2A322D62A5400CF6B38 /* Sources */ = {
			isa = PBXSourcesBuildPhase;
			buildActionMask = 2147483647;
			files = (
				724298CC22E465F2003B2151 /* RoomModel.swift in Sources */,
				7231C2AB22D62A5400CF6B38 /* AppDelegate.swift in Sources */,
				7231C2DE22D62FFE00CF6B38 /* MapView.swift in Sources */,
				72C34FD322D63C4100692D41 /* LocationManager.swift in Sources */,
				7231C2AD22D62A5400CF6B38 /* SceneDelegate.swift in Sources */,
				724298CA22E464BE003B2151 /* SocketIOManager.swift in Sources */,
				7231C2AF22D62A5400CF6B38 /* LobbyView.swift in Sources */,
			);
			runOnlyForDeploymentPostprocessing = 0;
		};
		7231C2B922D62A5700CF6B38 /* Sources */ = {
			isa = PBXSourcesBuildPhase;
			buildActionMask = 2147483647;
			files = (
				7231C2C222D62A5700CF6B38 /* LocMeTests.swift in Sources */,
			);
			runOnlyForDeploymentPostprocessing = 0;
		};
		7231C2C422D62A5700CF6B38 /* Sources */ = {
			isa = PBXSourcesBuildPhase;
			buildActionMask = 2147483647;
			files = (
				7231C2CD22D62A5700CF6B38 /* LocMeUITests.swift in Sources */,
			);
			runOnlyForDeploymentPostprocessing = 0;
		};
/* End PBXSourcesBuildPhase section */

/* Begin PBXTargetDependency section */
		7231C2BF22D62A5700CF6B38 /* PBXTargetDependency */ = {
			isa = PBXTargetDependency;
			target = 7231C2A622D62A5400CF6B38 /* LocMe */;
			targetProxy = 7231C2BE22D62A5700CF6B38 /* PBXContainerItemProxy */;
		};
		7231C2CA22D62A5700CF6B38 /* PBXTargetDependency */ = {
			isa = PBXTargetDependency;
			target = 7231C2A622D62A5400CF6B38 /* LocMe */;
			targetProxy = 7231C2C922D62A5700CF6B38 /* PBXContainerItemProxy */;
		};
/* End PBXTargetDependency section */

/* Begin PBXVariantGroup section */
		7231C2B522D62A5700CF6B38 /* LaunchScreen.storyboard */ = {
			isa = PBXVariantGroup;
			children = (
				7231C2B622D62A5700CF6B38 /* Base */,
			);
			name = LaunchScreen.storyboard;
			sourceTree = "<group>";
		};
/* End PBXVariantGroup section */

/* Begin XCBuildConfiguration section */
		7231C2CF22D62A5700CF6B38 /* Debug */ = {
			isa = XCBuildConfiguration;
			buildSettings = {
				ALWAYS_SEARCH_USER_PATHS = NO;
				CLANG_ANALYZER_NONNULL = YES;
				CLANG_ANALYZER_NUMBER_OBJECT_CONVERSION = YES_AGGRESSIVE;
				CLANG_CXX_LANGUAGE_STANDARD = "gnu++14";
				CLANG_CXX_LIBRARY = "libc++";
				CLANG_ENABLE_MODULES = YES;
				CLANG_ENABLE_OBJC_ARC = YES;
				CLANG_ENABLE_OBJC_WEAK = YES;
				CLANG_WARN_BLOCK_CAPTURE_AUTORELEASING = YES;
				CLANG_WARN_BOOL_CONVERSION = YES;
				CLANG_WARN_COMMA = YES;
				CLANG_WARN_CONSTANT_CONVERSION = YES;
				CLANG_WARN_DEPRECATED_OBJC_IMPLEMENTATIONS = YES;
				CLANG_WARN_DIRECT_OBJC_ISA_USAGE = YES_ERROR;
				CLANG_WARN_DOCUMENTATION_COMMENTS = YES;
				CLANG_WARN_EMPTY_BODY = YES;
				CLANG_WARN_ENUM_CONVERSION = YES;
				CLANG_WARN_INFINITE_RECURSION = YES;
				CLANG_WARN_INT_CONVERSION = YES;
				CLANG_WARN_NON_LITERAL_NULL_CONVERSION = YES;
				CLANG_WARN_OBJC_IMPLICIT_RETAIN_SELF = YES;
				CLANG_WARN_OBJC_LITERAL_CONVERSION = YES;
				CLANG_WARN_OBJC_ROOT_CLASS = YES_ERROR;
				CLANG_WARN_RANGE_LOOP_ANALYSIS = YES;
				CLANG_WARN_STRICT_PROTOTYPES = YES;
				CLANG_WARN_SUSPICIOUS_MOVE = YES;
				CLANG_WARN_UNGUARDED_AVAILABILITY = YES_AGGRESSIVE;
				CLANG_WARN_UNREACHABLE_CODE = YES;
				CLANG_WARN__DUPLICATE_METHOD_MATCH = YES;
				COPY_PHASE_STRIP = NO;
				DEBUG_INFORMATION_FORMAT = dwarf;
				ENABLE_STRICT_OBJC_MSGSEND = YES;
				ENABLE_TESTABILITY = YES;
				GCC_C_LANGUAGE_STANDARD = gnu11;
				GCC_DYNAMIC_NO_PIC = NO;
				GCC_NO_COMMON_BLOCKS = YES;
				GCC_OPTIMIZATION_LEVEL = 0;
				GCC_PREPROCESSOR_DEFINITIONS = (
					"DEBUG=1",
					"$(inherited)",
				);
				GCC_WARN_64_TO_32_BIT_CONVERSION = YES;
				GCC_WARN_ABOUT_RETURN_TYPE = YES_ERROR;
				GCC_WARN_UNDECLARED_SELECTOR = YES;
				GCC_WARN_UNINITIALIZED_AUTOS = YES_AGGRESSIVE;
				GCC_WARN_UNUSED_FUNCTION = YES;
				GCC_WARN_UNUSED_VARIABLE = YES;
				IPHONEOS_DEPLOYMENT_TARGET = 13.0;
				MTL_ENABLE_DEBUG_INFO = INCLUDE_SOURCE;
				MTL_FAST_MATH = YES;
				ONLY_ACTIVE_ARCH = YES;
				SDKROOT = iphoneos;
				SWIFT_ACTIVE_COMPILATION_CONDITIONS = DEBUG;
				SWIFT_OPTIMIZATION_LEVEL = "-Onone";
			};
			name = Debug;
		};
		7231C2D022D62A5700CF6B38 /* Release */ = {
			isa = XCBuildConfiguration;
			buildSettings = {
				ALWAYS_SEARCH_USER_PATHS = NO;
				CLANG_ANALYZER_NONNULL = YES;
				CLANG_ANALYZER_NUMBER_OBJECT_CONVERSION = YES_AGGRESSIVE;
				CLANG_CXX_LANGUAGE_STANDARD = "gnu++14";
				CLANG_CXX_LIBRARY = "libc++";
				CLANG_ENABLE_MODULES = YES;
				CLANG_ENABLE_OBJC_ARC = YES;
				CLANG_ENABLE_OBJC_WEAK = YES;
				CLANG_WARN_BLOCK_CAPTURE_AUTORELEASING = YES;
				CLANG_WARN_BOOL_CONVERSION = YES;
				CLANG_WARN_COMMA = YES;
				CLANG_WARN_CONSTANT_CONVERSION = YES;
				CLANG_WARN_DEPRECATED_OBJC_IMPLEMENTATIONS = YES;
				CLANG_WARN_DIRECT_OBJC_ISA_USAGE = YES_ERROR;
				CLANG_WARN_DOCUMENTATION_COMMENTS = YES;
				CLANG_WARN_EMPTY_BODY = YES;
				CLANG_WARN_ENUM_CONVERSION = YES;
				CLANG_WARN_INFINITE_RECURSION = YES;
				CLANG_WARN_INT_CONVERSION = YES;
				CLANG_WARN_NON_LITERAL_NULL_CONVERSION = YES;
				CLANG_WARN_OBJC_IMPLICIT_RETAIN_SELF = YES;
				CLANG_WARN_OBJC_LITERAL_CONVERSION = YES;
				CLANG_WARN_OBJC_ROOT_CLASS = YES_ERROR;
				CLANG_WARN_RANGE_LOOP_ANALYSIS = YES;
				CLANG_WARN_STRICT_PROTOTYPES = YES;
				CLANG_WARN_SUSPICIOUS_MOVE = YES;
				CLANG_WARN_UNGUARDED_AVAILABILITY = YES_AGGRESSIVE;
				CLANG_WARN_UNREACHABLE_CODE = YES;
				CLANG_WARN__DUPLICATE_METHOD_MATCH = YES;
				COPY_PHASE_STRIP = NO;
				DEBUG_INFORMATION_FORMAT = "dwarf-with-dsym";
				ENABLE_NS_ASSERTIONS = NO;
				ENABLE_STRICT_OBJC_MSGSEND = YES;
				GCC_C_LANGUAGE_STANDARD = gnu11;
				GCC_NO_COMMON_BLOCKS = YES;
				GCC_WARN_64_TO_32_BIT_CONVERSION = YES;
				GCC_WARN_ABOUT_RETURN_TYPE = YES_ERROR;
				GCC_WARN_UNDECLARED_SELECTOR = YES;
				GCC_WARN_UNINITIALIZED_AUTOS = YES_AGGRESSIVE;
				GCC_WARN_UNUSED_FUNCTION = YES;
				GCC_WARN_UNUSED_VARIABLE = YES;
				IPHONEOS_DEPLOYMENT_TARGET = 13.0;
				MTL_ENABLE_DEBUG_INFO = NO;
				MTL_FAST_MATH = YES;
				SDKROOT = iphoneos;
				SWIFT_COMPILATION_MODE = wholemodule;
				SWIFT_OPTIMIZATION_LEVEL = "-O";
				VALIDATE_PRODUCT = YES;
			};
			name = Release;
		};
		7231C2D222D62A5700CF6B38 /* Debug */ = {
			isa = XCBuildConfiguration;
			buildSettings = {
				ASSETCATALOG_COMPILER_APPICON_NAME = AppIcon;
				CODE_SIGN_STYLE = Automatic;
				DEVELOPMENT_ASSET_PATHS = "LocMe/Preview\\ Content";
				DEVELOPMENT_TEAM = Q5Y8T5J8BJ;
				ENABLE_PREVIEWS = YES;
				INFOPLIST_FILE = LocMe/Info.plist;
				LD_RUNPATH_SEARCH_PATHS = (
					"$(inherited)",
					"@executable_path/Frameworks",
				);
				PRODUCT_BUNDLE_IDENTIFIER = com.joshuatabakhoff.locme;
				PRODUCT_NAME = "$(TARGET_NAME)";
				SWIFT_VERSION = 5.0;
				TARGETED_DEVICE_FAMILY = "1,2";
			};
			name = Debug;
		};
		7231C2D322D62A5700CF6B38 /* Release */ = {
			isa = XCBuildConfiguration;
			buildSettings = {
				ASSETCATALOG_COMPILER_APPICON_NAME = AppIcon;
				CODE_SIGN_STYLE = Automatic;
				DEVELOPMENT_ASSET_PATHS = "LocMe/Preview\\ Content";
				DEVELOPMENT_TEAM = Q5Y8T5J8BJ;
				ENABLE_PREVIEWS = YES;
				INFOPLIST_FILE = LocMe/Info.plist;
				LD_RUNPATH_SEARCH_PATHS = (
					"$(inherited)",
					"@executable_path/Frameworks",
				);
				PRODUCT_BUNDLE_IDENTIFIER = com.joshuatabakhoff.locme;
				PRODUCT_NAME = "$(TARGET_NAME)";
				SWIFT_VERSION = 5.0;
				TARGETED_DEVICE_FAMILY = "1,2";
			};
			name = Release;
		};
		7231C2D522D62A5700CF6B38 /* Debug */ = {
			isa = XCBuildConfiguration;
			buildSettings = {
				ALWAYS_EMBED_SWIFT_STANDARD_LIBRARIES = YES;
				BUNDLE_LOADER = "$(TEST_HOST)";
				CODE_SIGN_STYLE = Automatic;
				DEVELOPMENT_TEAM = Q5Y8T5J8BJ;
				INFOPLIST_FILE = LocMeTests/Info.plist;
				LD_RUNPATH_SEARCH_PATHS = (
					"$(inherited)",
					"@executable_path/Frameworks",
					"@loader_path/Frameworks",
				);
				PRODUCT_BUNDLE_IDENTIFIER = com.joshuatabakhoff.LocMeTests;
				PRODUCT_NAME = "$(TARGET_NAME)";
				SWIFT_VERSION = 5.0;
				TARGETED_DEVICE_FAMILY = "1,2";
				TEST_HOST = "$(BUILT_PRODUCTS_DIR)/LocMe.app/LocMe";
			};
			name = Debug;
		};
		7231C2D622D62A5700CF6B38 /* Release */ = {
			isa = XCBuildConfiguration;
			buildSettings = {
				ALWAYS_EMBED_SWIFT_STANDARD_LIBRARIES = YES;
				BUNDLE_LOADER = "$(TEST_HOST)";
				CODE_SIGN_STYLE = Automatic;
				DEVELOPMENT_TEAM = Q5Y8T5J8BJ;
				INFOPLIST_FILE = LocMeTests/Info.plist;
				LD_RUNPATH_SEARCH_PATHS = (
					"$(inherited)",
					"@executable_path/Frameworks",
					"@loader_path/Frameworks",
				);
				PRODUCT_BUNDLE_IDENTIFIER = com.joshuatabakhoff.LocMeTests;
				PRODUCT_NAME = "$(TARGET_NAME)";
				SWIFT_VERSION = 5.0;
				TARGETED_DEVICE_FAMILY = "1,2";
				TEST_HOST = "$(BUILT_PRODUCTS_DIR)/LocMe.app/LocMe";
			};
			name = Release;
		};
		7231C2D822D62A5700CF6B38 /* Debug */ = {
			isa = XCBuildConfiguration;
			buildSettings = {
				ALWAYS_EMBED_SWIFT_STANDARD_LIBRARIES = YES;
				CODE_SIGN_STYLE = Automatic;
				DEVELOPMENT_TEAM = Q5Y8T5J8BJ;
				INFOPLIST_FILE = LocMeUITests/Info.plist;
				LD_RUNPATH_SEARCH_PATHS = (
					"$(inherited)",
					"@executable_path/Frameworks",
					"@loader_path/Frameworks",
				);
				PRODUCT_BUNDLE_IDENTIFIER = com.joshuatabakhoff.LocMeUITests;
				PRODUCT_NAME = "$(TARGET_NAME)";
				SWIFT_VERSION = 5.0;
				TARGETED_DEVICE_FAMILY = "1,2";
				TEST_TARGET_NAME = LocMe;
			};
			name = Debug;
		};
		7231C2D922D62A5700CF6B38 /* Release */ = {
			isa = XCBuildConfiguration;
			buildSettings = {
				ALWAYS_EMBED_SWIFT_STANDARD_LIBRARIES = YES;
				CODE_SIGN_STYLE = Automatic;
				DEVELOPMENT_TEAM = Q5Y8T5J8BJ;
				INFOPLIST_FILE = LocMeUITests/Info.plist;
				LD_RUNPATH_SEARCH_PATHS = (
					"$(inherited)",
					"@executable_path/Frameworks",
					"@loader_path/Frameworks",
				);
				PRODUCT_BUNDLE_IDENTIFIER = com.joshuatabakhoff.LocMeUITests;
				PRODUCT_NAME = "$(TARGET_NAME)";
				SWIFT_VERSION = 5.0;
				TARGETED_DEVICE_FAMILY = "1,2";
				TEST_TARGET_NAME = LocMe;
			};
			name = Release;
		};
/* End XCBuildConfiguration section */

/* Begin XCConfigurationList section */
		7231C2A222D62A5400CF6B38 /* Build configuration list for PBXProject "LocMe" */ = {
			isa = XCConfigurationList;
			buildConfigurations = (
				7231C2CF22D62A5700CF6B38 /* Debug */,
				7231C2D022D62A5700CF6B38 /* Release */,
			);
			defaultConfigurationIsVisible = 0;
			defaultConfigurationName = Release;
		};
		7231C2D122D62A5700CF6B38 /* Build configuration list for PBXNativeTarget "LocMe" */ = {
			isa = XCConfigurationList;
			buildConfigurations = (
				7231C2D222D62A5700CF6B38 /* Debug */,
				7231C2D322D62A5700CF6B38 /* Release */,
			);
			defaultConfigurationIsVisible = 0;
			defaultConfigurationName = Release;
		};
		7231C2D422D62A5700CF6B38 /* Build configuration list for PBXNativeTarget "LocMeTests" */ = {
			isa = XCConfigurationList;
			buildConfigurations = (
				7231C2D522D62A5700CF6B38 /* Debug */,
				7231C2D622D62A5700CF6B38 /* Release */,
			);
			defaultConfigurationIsVisible = 0;
			defaultConfigurationName = Release;
		};
		7231C2D722D62A5700CF6B38 /* Build configuration list for PBXNativeTarget "LocMeUITests" */ = {
			isa = XCConfigurationList;
			buildConfigurations = (
				7231C2D822D62A5700CF6B38 /* Debug */,
				7231C2D922D62A5700CF6B38 /* Release */,
			);
			defaultConfigurationIsVisible = 0;
			defaultConfigurationName = Release;
		};
/* End XCConfigurationList section */

/* Begin XCRemoteSwiftPackageReference section */
		7231C2DA22D62C9A00CF6B38 /* XCRemoteSwiftPackageReference "socket.io-client-swift" */ = {
			isa = XCRemoteSwiftPackageReference;
			repositoryURL = "https://github.com/socketio/socket.io-client-swift.git";
			requirement = {
				kind = upToNextMajorVersion;
				minimumVersion = 15.1.0;
			};
		};
/* End XCRemoteSwiftPackageReference section */

/* Begin XCSwiftPackageProductDependency section */
		7231C2DB22D62C9A00CF6B38 /* SocketIO */ = {
			isa = XCSwiftPackageProductDependency;
			package = 7231C2DA22D62C9A00CF6B38 /* XCRemoteSwiftPackageReference "socket.io-client-swift" */;
			productName = SocketIO;
		};
/* End XCSwiftPackageProductDependency section */
	};
	rootObject = 7231C29F22D62A5400CF6B38 /* Project object */;
}
